github.com/fumiama/unibase2n v0.0.0-20221003115227-e7db987de949 h1:VAzR8aoS2SCEBmRF9rqCPyXgXoP8mZ1viNL4mLWUg0Q=
github.com/fumiama/unibase2n v0.0.0-20221003115227-e7db987de949/go.mod h1:lEaZsT4FRSqcjnQ5q8y+mkenkzR/r1D3BJmfdp0vqDg=
golang.org/x/text v0.3.7 h1:olpwvP2KacW1ZWvsR7uQhoyTYvKAupfQrRGBFM352Gk=
golang.org/x/text v0.3.7/go.mod h1:u+2+/6zg+i71rQMx5EYifcz6MCKuco9NR6JIITiCfzQ=
